dependencies:
- name: mysql
  repository: https://charts.bitnami.com/bitnami
  version: 8.8.12
- name: argo-workflows
  repository: https://argoproj.github.io/argo-helm
  version: 0.8.1
- name: redis
  repository: https://charts.bitnami.com/bitnami
  version: 15.5.4
digest: sha256:42824decac56b2e1921455c5096b9620f2b1741f35f3306e8d3767ff7d993411
generated: "2021-11-06T17:07:31.816860751Z"
