dependencies:
- name: mysql
  repository: https://charts.bitnami.com/bitnami
  version: 8.8.35
- name: argo-workflows
  repository: https://argoproj.github.io/argo-helm
  version: 0.16.8
- name: redis
  repository: https://charts.bitnami.com/bitnami
  version: 17.0.7
digest: sha256:03dddddf26c1bd8944851617e8b58c7d681f5703373c281aa4819a549661bd85
generated: "2022-08-03T21:18:42.1344994+08:00"
